// !$*UTF8*$!
{
	archiveVersion = 1;
	classes = {
	};
	objectVersion = 55;
	objects = {

/* Begin PBXBuildFile section */
		051886AD271762FB00935AB8 /* Unit_ConverterApp.swift in Sources */ = {isa = PBXBuildFile; fileRef = 051886AC271762FB00935AB8 /* Unit_ConverterApp.swift */; };
		051886AF271762FB00935AB8 /* ContentView.swift in Sources */ = {isa = PBXBuildFile; fileRef = 051886AE271762FB00935AB8 /* ContentView.swift */; };
		051886B4271762FC00935AB8 /* Preview Assets.xcassets in Resources */ = {isa = PBXBuildFile; fileRef = 051886B3271762FC00935AB8 /* Preview Assets.xcassets */; };
		051886BC271772E500935AB8 /* Main.xcdatamodeld in Sources */ = {isa = PBXBuildFile; fileRef = 051886BA271772E500935AB8 /* Main.xcdatamodeld */; };
		051886BE2717754800935AB8 /* DataController.swift in Sources */ = {isa = PBXBuildFile; fileRef = 051886BD2717754800935AB8 /* DataController.swift */; };
		051886C3271780B300935AB8 /* CloudKit.framework in Frameworks */ = {isa = PBXBuildFile; fileRef = 051886C2271780B300935AB8 /* CloudKit.framework */; };
		051886C7271875A200935AB8 /* HomeView.swift in Sources */ = {isa = PBXBuildFile; fileRef = 051886C6271875A200935AB8 /* HomeView.swift */; };
		051886C92718767500935AB8 /* HistoryView.swift in Sources */ = {isa = PBXBuildFile; fileRef = 051886C82718767500935AB8 /* HistoryView.swift */; };
		051886CB271885A800935AB8 /* Conversion-CoreDataHelpers.swift in Sources */ = {isa = PBXBuildFile; fileRef = 051886CA271885A800935AB8 /* Conversion-CoreDataHelpers.swift */; };
		051886D32718AA5900935AB8 /* UnitProtocol.swift in Sources */ = {isa = PBXBuildFile; fileRef = 051886CD2718AA5800935AB8 /* UnitProtocol.swift */; };
		051886D42718AA5900935AB8 /* VolumeUnits.swift in Sources */ = {isa = PBXBuildFile; fileRef = 051886CE2718AA5800935AB8 /* VolumeUnits.swift */; };
		051886D52718AA5900935AB8 /* MassUnits.swift in Sources */ = {isa = PBXBuildFile; fileRef = 051886CF2718AA5800935AB8 /* MassUnits.swift */; };
		051886D62718AA5900935AB8 /* LengthUnits.swift in Sources */ = {isa = PBXBuildFile; fileRef = 051886D02718AA5800935AB8 /* LengthUnits.swift */; };
		051886D72718AA5900935AB8 /* PressureUnits.swift in Sources */ = {isa = PBXBuildFile; fileRef = 051886D12718AA5800935AB8 /* PressureUnits.swift */; };
		051886D82718AA5900935AB8 /* TemperatureUnits.swift in Sources */ = {isa = PBXBuildFile; fileRef = 051886D22718AA5900935AB8 /* TemperatureUnits.swift */; };
		051886DA2718AB3D00935AB8 /* ConversionType.swift in Sources */ = {isa = PBXBuildFile; fileRef = 051886D92718AB3D00935AB8 /* ConversionType.swift */; };
		051886E02718AF2500935AB8 /* SettingsView.swift in Sources */ = {isa = PBXBuildFile; fileRef = 051886DB2718AF2500935AB8 /* SettingsView.swift */; };
		051886E12718AF2500935AB8 /* Settings.swift in Sources */ = {isa = PBXBuildFile; fileRef = 051886DC2718AF2500935AB8 /* Settings.swift */; };
		051886E22718AF2500935AB8 /* ConversionItem.swift in Sources */ = {isa = PBXBuildFile; fileRef = 051886DD2718AF2500935AB8 /* ConversionItem.swift */; };
		051886E32718AF2500935AB8 /* ConversionView.swift in Sources */ = {isa = PBXBuildFile; fileRef = 051886DE2718AF2500935AB8 /* ConversionView.swift */; };
		051886E42718AF2500935AB8 /* ConversionSelectionListView.swift in Sources */ = {isa = PBXBuildFile; fileRef = 051886DF2718AF2500935AB8 /* ConversionSelectionListView.swift */; };
		051886E62718B1BE00935AB8 /* FormatView.swift in Sources */ = {isa = PBXBuildFile; fileRef = 051886E52718B1BE00935AB8 /* FormatView.swift */; };
		051886E82718B52C00935AB8 /* Assets.xcassets in Resources */ = {isa = PBXBuildFile; fileRef = 051886E72718B52C00935AB8 /* Assets.xcassets */; };
/* End PBXBuildFile section */

/* Begin PBXFileReference section */
		051886A9271762FB00935AB8 /* Unit Converter.app */ = {isa = PBXFileReference; explicitFileType = wrapper.application; includeInIndex = 0; path = "Unit Converter.app"; sourceTree = BUILT_PRODUCTS_DIR; };
		051886AC271762FB00935AB8 /* Unit_ConverterApp.swift */ = {isa = PBXFileReference; lastKnownFileType = sourcecode.swift; path = Unit_ConverterApp.swift; sourceTree = "<group>"; };
		051886AE271762FB00935AB8 /* ContentView.swift */ = {isa = PBXFileReference; lastKnownFileType = sourcecode.swift; path = ContentView.swift; sourceTree = "<group>"; };
		051886B3271762FC00935AB8 /* Preview Assets.xcassets */ = {isa = PBXFileReference; lastKnownFileType = folder.assetcatalog; path = "Preview Assets.xcassets"; sourceTree = "<group>"; };
		051886BB271772E500935AB8 /* Main.xcdatamodel */ = {isa = PBXFileReference; lastKnownFileType = wrapper.xcdatamodel; path = Main.xcdatamodel; sourceTree = "<group>"; };
		051886BD2717754800935AB8 /* DataController.swift */ = {isa = PBXFileReference; lastKnownFileType = sourcecode.swift; path = DataController.swift; sourceTree = "<group>"; };
		051886BF2717808F00935AB8 /* Unit Converter.entitlements */ = {isa = PBXFileReference; lastKnownFileType = text.plist.entitlements; path = "Unit Converter.entitlements"; sourceTree = "<group>"; };
		051886C02717809800935AB8 /* Unit-Converter-Info.plist */ = {isa = PBXFileReference; lastKnownFileType = text.plist; path = "Unit-Converter-Info.plist"; sourceTree = SOURCE_ROOT; };
		051886C2271780B300935AB8 /* CloudKit.framework */ = {isa = PBXFileReference; lastKnownFileType = wrapper.framework; name = CloudKit.framework; path = System/Library/Frameworks/CloudKit.framework; sourceTree = SDKROOT; };
		051886C6271875A200935AB8 /* HomeView.swift */ = {isa = PBXFileReference; lastKnownFileType = sourcecode.swift; path = HomeView.swift; sourceTree = "<group>"; };
		051886C82718767500935AB8 /* HistoryView.swift */ = {isa = PBXFileReference; lastKnownFileType = sourcecode.swift; path = HistoryView.swift; sourceTree = "<group>"; };
		051886CA271885A800935AB8 /* Conversion-CoreDataHelpers.swift */ = {isa = PBXFileReference; lastKnownFileType = sourcecode.swift; path = "Conversion-CoreDataHelpers.swift"; sourceTree = "<group>"; };
		051886CD2718AA5800935AB8 /* UnitProtocol.swift */ = {isa = PBXFileReference; fileEncoding = 4; lastKnownFileType = sourcecode.swift; path = UnitProtocol.swift; sourceTree = "<group>"; };
		051886CE2718AA5800935AB8 /* VolumeUnits.swift */ = {isa = PBXFileReference; fileEncoding = 4; lastKnownFileType = sourcecode.swift; path = VolumeUnits.swift; sourceTree = "<group>"; };
		051886CF2718AA5800935AB8 /* MassUnits.swift */ = {isa = PBXFileReference; fileEncoding = 4; lastKnownFileType = sourcecode.swift; path = MassUnits.swift; sourceTree = "<group>"; };
		051886D02718AA5800935AB8 /* LengthUnits.swift */ = {isa = PBXFileReference; fileEncoding = 4; lastKnownFileType = sourcecode.swift; path = LengthUnits.swift; sourceTree = "<group>"; };
		051886D12718AA5800935AB8 /* PressureUnits.swift */ = {isa = PBXFileReference; fileEncoding = 4; lastKnownFileType = sourcecode.swift; path = PressureUnits.swift; sourceTree = "<group>"; };
		051886D22718AA5900935AB8 /* TemperatureUnits.swift */ = {isa = PBXFileReference; fileEncoding = 4; lastKnownFileType = sourcecode.swift; path = TemperatureUnits.swift; sourceTree = "<group>"; };
		051886D92718AB3D00935AB8 /* ConversionType.swift */ = {isa = PBXFileReference; lastKnownFileType = sourcecode.swift; path = ConversionType.swift; sourceTree = "<group>"; };
		051886DB2718AF2500935AB8 /* SettingsView.swift */ = {isa = PBXFileReference; fileEncoding = 4; lastKnownFileType = sourcecode.swift; path = SettingsView.swift; sourceTree = "<group>"; };
		051886DC2718AF2500935AB8 /* Settings.swift */ = {isa = PBXFileReference; fileEncoding = 4; lastKnownFileType = sourcecode.swift; path = Settings.swift; sourceTree = "<group>"; };
		051886DD2718AF2500935AB8 /* ConversionItem.swift */ = {isa = PBXFileReference; fileEncoding = 4; lastKnownFileType = sourcecode.swift; path = ConversionItem.swift; sourceTree = "<group>"; };
		051886DE2718AF2500935AB8 /* ConversionView.swift */ = {isa = PBXFileReference; fileEncoding = 4; lastKnownFileType = sourcecode.swift; path = ConversionView.swift; sourceTree = "<group>"; };
		051886DF2718AF2500935AB8 /* ConversionSelectionListView.swift */ = {isa = PBXFileReference; fileEncoding = 4; lastKnownFileType = sourcecode.swift; path = ConversionSelectionListView.swift; sourceTree = "<group>"; };
		051886E52718B1BE00935AB8 /* FormatView.swift */ = {isa = PBXFileReference; fileEncoding = 4; lastKnownFileType = sourcecode.swift; path = FormatView.swift; sourceTree = "<group>"; };
		051886E72718B52C00935AB8 /* Assets.xcassets */ = {isa = PBXFileReference; lastKnownFileType = folder.assetcatalog; name = Assets.xcassets; path = "../../../Unit Converter/Shared/Assets.xcassets"; sourceTree = "<group>"; };
/* End PBXFileReference section */

/* Begin PBXFrameworksBuildPhase section */
		051886A6271762FB00935AB8 /* Frameworks */ = {
			isa = PBXFrameworksBuildPhase;
			buildActionMask = 2147483647;
			files = (
				051886C3271780B300935AB8 /* CloudKit.framework in Frameworks */,
			);
			runOnlyForDeploymentPostprocessing = 0;
		};
/* End PBXFrameworksBuildPhase section */

/* Begin PBXGroup section */
		051886A0271762FB00935AB8 = {
			isa = PBXGroup;
			children = (
				051886AB271762FB00935AB8 /* Unit Converter */,
				051886AA271762FB00935AB8 /* Products */,
				051886C1271780B300935AB8 /* Frameworks */,
			);
			sourceTree = "<group>";
		};
		051886AA271762FB00935AB8 /* Products */ = {
			isa = PBXGroup;
			children = (
				051886A9271762FB00935AB8 /* Unit Converter.app */,
			);
			name = Products;
			sourceTree = "<group>";
		};
		051886AB271762FB00935AB8 /* Unit Converter */ = {
			isa = PBXGroup;
			children = (
				051886CC2718AA2D00935AB8 /* Units Types */,
				051886C02717809800935AB8 /* Unit-Converter-Info.plist */,
				051886BF2717808F00935AB8 /* Unit Converter.entitlements */,
				051886AC271762FB00935AB8 /* Unit_ConverterApp.swift */,
				051886D92718AB3D00935AB8 /* ConversionType.swift */,
				051886CA271885A800935AB8 /* Conversion-CoreDataHelpers.swift */,
				051886BA271772E500935AB8 /* Main.xcdatamodeld */,
				051886BD2717754800935AB8 /* DataController.swift */,
				051886AE271762FB00935AB8 /* ContentView.swift */,
				051886E52718B1BE00935AB8 /* FormatView.swift */,
				051886C6271875A200935AB8 /* HomeView.swift */,
				051886C82718767500935AB8 /* HistoryView.swift */,
				051886DD2718AF2500935AB8 /* ConversionItem.swift */,
				051886DF2718AF2500935AB8 /* ConversionSelectionListView.swift */,
				051886DE2718AF2500935AB8 /* ConversionView.swift */,
				051886DC2718AF2500935AB8 /* Settings.swift */,
				051886DB2718AF2500935AB8 /* SettingsView.swift */,
				051886E72718B52C00935AB8 /* Assets.xcassets */,
				051886B2271762FC00935AB8 /* Preview Content */,
			);
			path = "Unit Converter";
			sourceTree = "<group>";
		};
		051886B2271762FC00935AB8 /* Preview Content */ = {
			isa = PBXGroup;
			children = (
				051886B3271762FC00935AB8 /* Preview Assets.xcassets */,
			);
			path = "Preview Content";
			sourceTree = "<group>";
		};
		051886C1271780B300935AB8 /* Frameworks */ = {
			isa = PBXGroup;
			children = (
				051886C2271780B300935AB8 /* CloudKit.framework */,
			);
			name = Frameworks;
			sourceTree = "<group>";
		};
		051886CC2718AA2D00935AB8 /* Units Types */ = {
			isa = PBXGroup;
			children = (
				051886D02718AA5800935AB8 /* LengthUnits.swift */,
				051886CF2718AA5800935AB8 /* MassUnits.swift */,
				051886D12718AA5800935AB8 /* PressureUnits.swift */,
				051886D22718AA5900935AB8 /* TemperatureUnits.swift */,
				051886CD2718AA5800935AB8 /* UnitProtocol.swift */,
				051886CE2718AA5800935AB8 /* VolumeUnits.swift */,
			);
			path = "Units Types";
			sourceTree = "<group>";
		};
/* End PBXGroup section */

/* Begin PBXNativeTarget section */
		051886A8271762FB00935AB8 /* Unit Converter */ = {
			isa = PBXNativeTarget;
			buildConfigurationList = 051886B7271762FC00935AB8 /* Build configuration list for PBXNativeTarget "Unit Converter" */;
			buildPhases = (
				051886A5271762FB00935AB8 /* Sources */,
				051886A6271762FB00935AB8 /* Frameworks */,
				051886A7271762FB00935AB8 /* Resources */,
			);
			buildRules = (
			);
			dependencies = (
			);
			name = "Unit Converter";
			productName = "Unit Converter";
			productReference = 051886A9271762FB00935AB8 /* Unit Converter.app */;
			productType = "com.apple.product-type.application";
		};
/* End PBXNativeTarget section */

/* Begin PBXProject section */
		051886A1271762FB00935AB8 /* Project object */ = {
			isa = PBXProject;
			attributes = {
				BuildIndependentTargetsInParallel = 1;
				LastSwiftUpdateCheck = 1300;
				LastUpgradeCheck = 1300;
				TargetAttributes = {
					051886A8271762FB00935AB8 = {
						CreatedOnToolsVersion = 13.0;
					};
				};
			};
			buildConfigurationList = 051886A4271762FB00935AB8 /* Build configuration list for PBXProject "Unit Converter" */;
			compatibilityVersion = "Xcode 13.0";
			developmentRegion = en;
			hasScannedForEncodings = 0;
			knownRegions = (
				en,
				Base,
			);
			mainGroup = 051886A0271762FB00935AB8;
			productRefGroup = 051886AA271762FB00935AB8 /* Products */;
			projectDirPath = "";
			projectRoot = "";
			targets = (
				051886A8271762FB00935AB8 /* Unit Converter */,
			);
		};
/* End PBXProject section */

/* Begin PBXResourcesBuildPhase section */
		051886A7271762FB00935AB8 /* Resources */ = {
			isa = PBXResourcesBuildPhase;
			buildActionMask = 2147483647;
			files = (
				051886B4271762FC00935AB8 /* Preview Assets.xcassets in Resources */,
				051886E82718B52C00935AB8 /* Assets.xcassets in Resources */,
			);
			runOnlyForDeploymentPostprocessing = 0;
		};
/* End PBXResourcesBuildPhase section */

/* Begin PBXSourcesBuildPhase section */
		051886A5271762FB00935AB8 /* Sources */ = {
			isa = PBXSourcesBuildPhase;
			buildActionMask = 2147483647;
			files = (
				051886E02718AF2500935AB8 /* SettingsView.swift in Sources */,
				051886D32718AA5900935AB8 /* UnitProtocol.swift in Sources */,
				051886E22718AF2500935AB8 /* ConversionItem.swift in Sources */,
				051886D62718AA5900935AB8 /* LengthUnits.swift in Sources */,
				051886CB271885A800935AB8 /* Conversion-CoreDataHelpers.swift in Sources */,
				051886D72718AA5900935AB8 /* PressureUnits.swift in Sources */,
				051886E32718AF2500935AB8 /* ConversionView.swift in Sources */,
				051886E62718B1BE00935AB8 /* FormatView.swift in Sources */,
				051886D82718AA5900935AB8 /* TemperatureUnits.swift in Sources */,
				051886C92718767500935AB8 /* HistoryView.swift in Sources */,
				051886BC271772E500935AB8 /* Main.xcdatamodeld in Sources */,
				051886BE2717754800935AB8 /* DataController.swift in Sources */,
				051886AF271762FB00935AB8 /* ContentView.swift in Sources */,
				051886E12718AF2500935AB8 /* Settings.swift in Sources */,
				051886E42718AF2500935AB8 /* ConversionSelectionListView.swift in Sources */,
				051886C7271875A200935AB8 /* HomeView.swift in Sources */,
				051886AD271762FB00935AB8 /* Unit_ConverterApp.swift in Sources */,
				051886DA2718AB3D00935AB8 /* ConversionType.swift in Sources */,
				051886D42718AA5900935AB8 /* VolumeUnits.swift in Sources */,
				051886D52718AA5900935AB8 /* MassUnits.swift in Sources */,
			);
			runOnlyForDeploymentPostprocessing = 0;
		};
/* End PBXSourcesBuildPhase section */

/* Begin XCBuildConfiguration section */
		051886B5271762FC00935AB8 /* Debug */ = {
			isa = XCBuildConfiguration;
			buildSettings = {
				ALWAYS_SEARCH_USER_PATHS = NO;
				CLANG_ANALYZER_NONNULL = YES;
				CLANG_ANALYZER_NUMBER_OBJECT_CONVERSION = YES_AGGRESSIVE;
				CLANG_CXX_LANGUAGE_STANDARD = "gnu++17";
				CLANG_CXX_LIBRARY = "libc++";
				CLANG_ENABLE_MODULES = YES;
				CLANG_ENABLE_OBJC_ARC = YES;
				CLANG_ENABLE_OBJC_WEAK = YES;
				CLANG_WARN_BLOCK_CAPTURE_AUTORELEASING = YES;
				CLANG_WARN_BOOL_CONVERSION = YES;
				CLANG_WARN_COMMA = YES;
				CLANG_WARN_CONSTANT_CONVERSION = YES;
				CLANG_WARN_DEPRECATED_OBJC_IMPLEMENTATIONS = YES;
				CLANG_WARN_DIRECT_OBJC_ISA_USAGE = YES_ERROR;
				CLANG_WARN_DOCUMENTATION_COMMENTS = YES;
				CLANG_WARN_EMPTY_BODY = YES;
				CLANG_WARN_ENUM_CONVERSION = YES;
				CLANG_WARN_INFINITE_RECURSION = YES;
				CLANG_WARN_INT_CONVERSION = YES;
				CLANG_WARN_NON_LITERAL_NULL_CONVERSION = YES;
				CLANG_WARN_OBJC_IMPLICIT_RETAIN_SELF = YES;
				CLANG_WARN_OBJC_LITERAL_CONVERSION = YES;
				CLANG_WARN_OBJC_ROOT_CLASS = YES_ERROR;
				CLANG_WARN_QUOTED_INCLUDE_IN_FRAMEWORK_HEADER = YES;
				CLANG_WARN_RANGE_LOOP_ANALYSIS = YES;
				CLANG_WARN_STRICT_PROTOTYPES = YES;
				CLANG_WARN_SUSPICIOUS_MOVE = YES;
				CLANG_WARN_UNGUARDED_AVAILABILITY = YES_AGGRESSIVE;
				CLANG_WARN_UNREACHABLE_CODE = YES;
				CLANG_WARN__DUPLICATE_METHOD_MATCH = YES;
				COPY_PHASE_STRIP = NO;
				DEBUG_INFORMATION_FORMAT = dwarf;
				ENABLE_STRICT_OBJC_MSGSEND = YES;
				ENABLE_TESTABILITY = YES;
				GCC_C_LANGUAGE_STANDARD = gnu11;
				GCC_DYNAMIC_NO_PIC = NO;
				GCC_NO_COMMON_BLOCKS = YES;
				GCC_OPTIMIZATION_LEVEL = 0;
				GCC_PREPROCESSOR_DEFINITIONS = (
					"DEBUG=1",
					"$(inherited)",
				);
				GCC_WARN_64_TO_32_BIT_CONVERSION = YES;
				GCC_WARN_ABOUT_RETURN_TYPE = YES_ERROR;
				GCC_WARN_UNDECLARED_SELECTOR = YES;
				GCC_WARN_UNINITIALIZED_AUTOS = YES_AGGRESSIVE;
				GCC_WARN_UNUSED_FUNCTION = YES;
				GCC_WARN_UNUSED_VARIABLE = YES;
				IPHONEOS_DEPLOYMENT_TARGET = 15.0;
				MTL_ENABLE_DEBUG_INFO = INCLUDE_SOURCE;
				MTL_FAST_MATH = YES;
				ONLY_ACTIVE_ARCH = YES;
				SDKROOT = iphoneos;
				SWIFT_ACTIVE_COMPILATION_CONDITIONS = DEBUG;
				SWIFT_OPTIMIZATION_LEVEL = "-Onone";
			};
			name = Debug;
		};
		051886B6271762FC00935AB8 /* Release */ = {
			isa = XCBuildConfiguration;
			buildSettings = {
				ALWAYS_SEARCH_USER_PATHS = NO;
				CLANG_ANALYZER_NONNULL = YES;
				CLANG_ANALYZER_NUMBER_OBJECT_CONVERSION = YES_AGGRESSIVE;
				CLANG_CXX_LANGUAGE_STANDARD = "gnu++17";
				CLANG_CXX_LIBRARY = "libc++";
				CLANG_ENABLE_MODULES = YES;
				CLANG_ENABLE_OBJC_ARC = YES;
				CLANG_ENABLE_OBJC_WEAK = YES;
				CLANG_WARN_BLOCK_CAPTURE_AUTORELEASING = YES;
				CLANG_WARN_BOOL_CONVERSION = YES;
				CLANG_WARN_COMMA = YES;
				CLANG_WARN_CONSTANT_CONVERSION = YES;
				CLANG_WARN_DEPRECATED_OBJC_IMPLEMENTATIONS = YES;
				CLANG_WARN_DIRECT_OBJC_ISA_USAGE = YES_ERROR;
				CLANG_WARN_DOCUMENTATION_COMMENTS = YES;
				CLANG_WARN_EMPTY_BODY = YES;
				CLANG_WARN_ENUM_CONVERSION = YES;
				CLANG_WARN_INFINITE_RECURSION = YES;
				CLANG_WARN_INT_CONVERSION = YES;
				CLANG_WARN_NON_LITERAL_NULL_CONVERSION = YES;
				CLANG_WARN_OBJC_IMPLICIT_RETAIN_SELF = YES;
				CLANG_WARN_OBJC_LITERAL_CONVERSION = YES;
				CLANG_WARN_OBJC_ROOT_CLASS = YES_ERROR;
				CLANG_WARN_QUOTED_INCLUDE_IN_FRAMEWORK_HEADER = YES;
				CLANG_WARN_RANGE_LOOP_ANALYSIS = YES;
				CLANG_WARN_STRICT_PROTOTYPES = YES;
				CLANG_WARN_SUSPICIOUS_MOVE = YES;
				CLANG_WARN_UNGUARDED_AVAILABILITY = YES_AGGRESSIVE;
				CLANG_WARN_UNREACHABLE_CODE = YES;
				CLANG_WARN__DUPLICATE_METHOD_MATCH = YES;
				COPY_PHASE_STRIP = NO;
				DEBUG_INFORMATION_FORMAT = "dwarf-with-dsym";
				ENABLE_NS_ASSERTIONS = NO;
				ENABLE_STRICT_OBJC_MSGSEND = YES;
				GCC_C_LANGUAGE_STANDARD = gnu11;
				GCC_NO_COMMON_BLOCKS = YES;
				GCC_WARN_64_TO_32_BIT_CONVERSION = YES;
				GCC_WARN_ABOUT_RETURN_TYPE = YES_ERROR;
				GCC_WARN_UNDECLARED_SELECTOR = YES;
				GCC_WARN_UNINITIALIZED_AUTOS = YES_AGGRESSIVE;
				GCC_WARN_UNUSED_FUNCTION = YES;
				GCC_WARN_UNUSED_VARIABLE = YES;
				IPHONEOS_DEPLOYMENT_TARGET = 15.0;
				MTL_ENABLE_DEBUG_INFO = NO;
				MTL_FAST_MATH = YES;
				SDKROOT = iphoneos;
				SWIFT_COMPILATION_MODE = wholemodule;
				SWIFT_OPTIMIZATION_LEVEL = "-O";
				VALIDATE_PRODUCT = YES;
			};
			name = Release;
		};
		051886B8271762FC00935AB8 /* Debug */ = {
			isa = XCBuildConfiguration;
			buildSettings = {
				ASSETCATALOG_COMPILER_APPICON_NAME = AppIcon;
				ASSETCATALOG_COMPILER_GLOBAL_ACCENT_COLOR_NAME = AccentColor;
				CODE_SIGN_ENTITLEMENTS = "Unit Converter/Unit Converter.entitlements";
				CODE_SIGN_STYLE = Automatic;
				CURRENT_PROJECT_VERSION = 1;
				DEVELOPMENT_ASSET_PATHS = "\"Unit Converter/Preview Content\"";
				DEVELOPMENT_TEAM = LB52G8RACX;
				ENABLE_PREVIEWS = YES;
				GENERATE_INFOPLIST_FILE = YES;
				INFOPLIST_FILE = "Unit-Converter-Info.plist";
				INFOPLIST_KEY_UIApplicationSceneManifest_Generation = YES;
				INFOPLIST_KEY_UIApplicationSupportsIndirectInputEvents = YES;
				INFOPLIST_KEY_UILaunchScreen_Generation = YES;
				INFOPLIST_KEY_UISupportedInterfaceOrientations_iPad = "UIInterfaceOrientationPortrait UIInterfaceOrientationPortraitUpsideDown UIInterfaceOrientationLandscapeLeft UIInterfaceOrientationLandscapeRight";
				INFOPLIST_KEY_UISupportedInterfaceOrientations_iPhone = "UIInterfaceOrientationPortrait UIInterfaceOrientationLandscapeLeft UIInterfaceOrientationLandscapeRight";
				IPHONEOS_DEPLOYMENT_TARGET = 14.0;
				LD_RUNPATH_SEARCH_PATHS = (
					"$(inherited)",
					"@executable_path/Frameworks",
				);
				MARKETING_VERSION = 1.0;
				PRODUCT_BUNDLE_IDENTIFIER = "com.Manna-Software.Unit-Converter";
				PRODUCT_NAME = "$(TARGET_NAME)";
				SWIFT_EMIT_LOC_STRINGS = YES;
				SWIFT_VERSION = 5.0;
				TARGETED_DEVICE_FAMILY = "1,2";
			};
			name = Debug;
		};
		051886B9271762FC00935AB8 /* Release */ = {
			isa = XCBuildConfiguration;
			buildSettings = {
				ASSETCATALOG_COMPILER_APPICON_NAME = AppIcon;
				ASSETCATALOG_COMPILER_GLOBAL_ACCENT_COLOR_NAME = AccentColor;
				CODE_SIGN_ENTITLEMENTS = "Unit Converter/Unit Converter.entitlements";
				CODE_SIGN_STYLE = Automatic;
				CURRENT_PROJECT_VERSION = 1;
				DEVELOPMENT_ASSET_PATHS = "\"Unit Converter/Preview Content\"";
				DEVELOPMENT_TEAM = LB52G8RACX;
				ENABLE_PREVIEWS = YES;
				GENERATE_INFOPLIST_FILE = YES;
				INFOPLIST_FILE = "Unit-Converter-Info.plist";
				INFOPLIST_KEY_UIApplicationSceneManifest_Generation = YES;
				INFOPLIST_KEY_UIApplicationSupportsIndirectInputEvents = YES;
				INFOPLIST_KEY_UILaunchScreen_Generation = YES;
				INFOPLIST_KEY_UISupportedInterfaceOrientations_iPad = "UIInterfaceOrientationPortrait UIInterfaceOrientationPortraitUpsideDown UIInterfaceOrientationLandscapeLeft UIInterfaceOrientationLandscapeRight";
				INFOPLIST_KEY_UISupportedInterfaceOrientations_iPhone = "UIInterfaceOrientationPortrait UIInterfaceOrientationLandscapeLeft UIInterfaceOrientationLandscapeRight";
				IPHONEOS_DEPLOYMENT_TARGET = 14.0;
				LD_RUNPATH_SEARCH_PATHS = (
					"$(inherited)",
					"@executable_path/Frameworks",
				);
				MARKETING_VERSION = 1.0;
				PRODUCT_BUNDLE_IDENTIFIER = "com.Manna-Software.Unit-Converter";
				PRODUCT_NAME = "$(TARGET_NAME)";
				SWIFT_EMIT_LOC_STRINGS = YES;
				SWIFT_VERSION = 5.0;
				TARGETED_DEVICE_FAMILY = "1,2";
			};
			name = Release;
		};
/* End XCBuildConfiguration section */

/* Begin XCConfigurationList section */
		051886A4271762FB00935AB8 /* Build configuration list for PBXProject "Unit Converter" */ = {
			isa = XCConfigurationList;
			buildConfigurations = (
				051886B5271762FC00935AB8 /* Debug */,
				051886B6271762FC00935AB8 /* Release */,
			);
			defaultConfigurationIsVisible = 0;
			defaultConfigurationName = Release;
		};
		051886B7271762FC00935AB8 /* Build configuration list for PBXNativeTarget "Unit Converter" */ = {
			isa = XCConfigurationList;
			buildConfigurations = (
				051886B8271762FC00935AB8 /* Debug */,
				051886B9271762FC00935AB8 /* Release */,
			);
			defaultConfigurationIsVisible = 0;
			defaultConfigurationName = Release;
		};
/* End XCConfigurationList section */

/* Begin XCVersionGroup section */
		051886BA271772E500935AB8 /* Main.xcdatamodeld */ = {
			isa = XCVersionGroup;
			children = (
				051886BB271772E500935AB8 /* Main.xcdatamodel */,
			);
			currentVersion = 051886BB271772E500935AB8 /* Main.xcdatamodel */;
			path = Main.xcdatamodeld;
			sourceTree = "<group>";
			versionGroupType = wrapper.xcdatamodel;
		};
/* End XCVersionGroup section */
	};
	rootObject = 051886A1271762FB00935AB8 /* Project object */;
}
